// !$*UTF8*$!
{
	archiveVersion = 1;
	classes = {
	};
	objectVersion = 46;
	objects = {

/* Begin PBXBuildFile section */
		DF046D091CDC849D003CA85C /* KCAssistant.m in Sources */ = {isa = PBXBuildFile; fileRef = DF046CF41CDC849D003CA85C /* KCAssistant.m */; };
		DF046D0A1CDC849D003CA85C /* KCPlatform.m in Sources */ = {isa = PBXBuildFile; fileRef = DF046CF61CDC849D003CA85C /* KCPlatform.m */; };
		DF046D0B1CDC849D003CA85C /* KCUrlMaping.m in Sources */ = {isa = PBXBuildFile; fileRef = DF046CF91CDC849D003CA85C /* KCUrlMaping.m */; };
		DF046D0C1CDC849D003CA85C /* KCWidget.m in Sources */ = {isa = PBXBuildFile; fileRef = DF046CFB1CDC849D003CA85C /* KCWidget.m */; };
		DF046D0D1CDC849D003CA85C /* KCApiClientInfo.m in Sources */ = {isa = PBXBuildFile; fileRef = DF046CFD1CDC849D003CA85C /* KCApiClientInfo.m */; };
		DF046D0E1CDC849D003CA85C /* KCApiJSObjExample.m in Sources */ = {isa = PBXBuildFile; fileRef = DF046CFF1CDC849D003CA85C /* KCApiJSObjExample.m */; };
		DF046D0F1CDC849D003CA85C /* KCApiOverrideJSBridgeClient.m in Sources */ = {isa = PBXBuildFile; fileRef = DF046D011CDC849D003CA85C /* KCApiOverrideJSBridgeClient.m */; };
		DF046D101CDC849D003CA85C /* KCApiTest.m in Sources */ = {isa = PBXBuildFile; fileRef = DF046D031CDC849D003CA85C /* KCApiTest.m */; };
		DF046D111CDC849D003CA85C /* KCClientUI.m in Sources */ = {isa = PBXBuildFile; fileRef = DF046D051CDC849D003CA85C /* KCClientUI.m */; };
		DF046D121CDC849D003CA85C /* KCRegistMgr.m in Sources */ = {isa = PBXBuildFile; fileRef = DF046D081CDC849D003CA85C /* KCRegistMgr.m */; };
		DF095EE01D1262F0002FD240 /* kerkee.framework in Frameworks */ = {isa = PBXBuildFile; fileRef = DF095ED21D126120002FD240 /* kerkee.framework */; };
		DF095EE11D1262F0002FD240 /* kerkee.framework in Embed Frameworks */ = {isa = PBXBuildFile; fileRef = DF095ED21D126120002FD240 /* kerkee.framework */; settings = {ATTRIBUTES = (CodeSignOnCopy, RemoveHeadersOnCopy, ); }; };
		DF095F0B1D126ED2002FD240 /* kerkee.framework in Frameworks */ = {isa = PBXBuildFile; fileRef = DF095ED21D126120002FD240 /* kerkee.framework */; };
		DF5D70C21BA9559D008A8FB2 /* KCActionTest.m in Sources */ = {isa = PBXBuildFile; fileRef = DF5D70C11BA9559D008A8FB2 /* KCActionTest.m */; };
		DF65AB7D1B9EC61B00F24874 /* test.html in Resources */ = {isa = PBXBuildFile; fileRef = DF65AB7C1B9EC61B00F24874 /* test.html */; };
		DF83DA861B959D2A003E3F91 /* main.m in Sources */ = {isa = PBXBuildFile; fileRef = DF83DA851B959D2A003E3F91 /* main.m */; };
		DF83DA891B959D2A003E3F91 /* AppDelegate.m in Sources */ = {isa = PBXBuildFile; fileRef = DF83DA881B959D2A003E3F91 /* AppDelegate.m */; };
		DF83DA8C1B959D2A003E3F91 /* ViewController.m in Sources */ = {isa = PBXBuildFile; fileRef = DF83DA8B1B959D2A003E3F91 /* ViewController.m */; };
		DF83DA8F1B959D2A003E3F91 /* Main.storyboard in Resources */ = {isa = PBXBuildFile; fileRef = DF83DA8D1B959D2A003E3F91 /* Main.storyboard */; };
		DF83DA911B959D2A003E3F91 /* Images.xcassets in Resources */ = {isa = PBXBuildFile; fileRef = DF83DA901B959D2A003E3F91 /* Images.xcassets */; };
		DF83DA941B959D2A003E3F91 /* LaunchScreen.xib in Resources */ = {isa = PBXBuildFile; fileRef = DF83DA921B959D2A003E3F91 /* LaunchScreen.xib */; };
		DF83DAA01B959D2A003E3F91 /* kerkeeExampleTests.m in Sources */ = {isa = PBXBuildFile; fileRef = DF83DA9F1B959D2A003E3F91 /* kerkeeExampleTests.m */; };
		DF83DB881B959FC5003E3F91 /* ioapi.c in Sources */ = {isa = PBXBuildFile; fileRef = DF83DB681B959FC5003E3F91 /* ioapi.c */; };
		DF83DB891B959FC5003E3F91 /* mztools.c in Sources */ = {isa = PBXBuildFile; fileRef = DF83DB6A1B959FC5003E3F91 /* mztools.c */; };
		DF83DB8A1B959FC5003E3F91 /* unzip.c in Sources */ = {isa = PBXBuildFile; fileRef = DF83DB6C1B959FC5003E3F91 /* unzip.c */; settings = {COMPILER_FLAGS = "-fno-objc-arc"; }; };
		DF83DB8B1B959FC5003E3F91 /* zip.c in Sources */ = {isa = PBXBuildFile; fileRef = DF83DB6E1B959FC5003E3F91 /* zip.c */; settings = {COMPILER_FLAGS = "-fno-objc-arc"; }; };
		DF83DB8C1B959FC5003E3F91 /* ZipArchive.mm in Sources */ = {isa = PBXBuildFile; fileRef = DF83DB711B959FC5003E3F91 /* ZipArchive.mm */; settings = {COMPILER_FLAGS = "-fno-objc-arc"; }; };
		DF83DC4E1B95A441003E3F91 /* kerkee.js in Resources */ = {isa = PBXBuildFile; fileRef = DF83DC4C1B95A441003E3F91 /* kerkee.js */; };
		DF83DC4F1B95A441003E3F91 /* html.zip in Resources */ = {isa = PBXBuildFile; fileRef = DF83DC4D1B95A441003E3F91 /* html.zip */; };
		DF8524371CC61FA90046FC44 /* Reachability.m in Sources */ = {isa = PBXBuildFile; fileRef = DF8524361CC61FA90046FC44 /* Reachability.m */; };
		DF9BCE4F1C3A5E3C0097A767 /* libz.tbd in Frameworks */ = {isa = PBXBuildFile; fileRef = DF9BCE4E1C3A5E3C0097A767 /* libz.tbd */; };
/* End PBXBuildFile section */

/* Begin PBXContainerItemProxy section */
		DF095ED11D126120002FD240 /* PBXContainerItemProxy */ = {
			isa = PBXContainerItemProxy;
			containerPortal = DF095ECC1D12611F002FD240 /* kerkee.xcodeproj */;
			proxyType = 2;
			remoteGlobalIDString = DF3075051B959B01005AA030;
			remoteInfo = kerkee;
		};
		DF095ED31D126120002FD240 /* PBXContainerItemProxy */ = {
			isa = PBXContainerItemProxy;
			containerPortal = DF095ECC1D12611F002FD240 /* kerkee.xcodeproj */;
			proxyType = 2;
			remoteGlobalIDString = DF3075101B959B01005AA030;
			remoteInfo = kerkeeTests;
		};
		DF095EE51D1262FF002FD240 /* PBXContainerItemProxy */ = {
			isa = PBXContainerItemProxy;
			containerPortal = DF095ECC1D12611F002FD240 /* kerkee.xcodeproj */;
			proxyType = 1;
			remoteGlobalIDString = DF3075041B959B01005AA030;
			remoteInfo = kerkee;
		};
		DF83DA9A1B959D2A003E3F91 /* PBXContainerItemProxy */ = {
			isa = PBXContainerItemProxy;
			containerPortal = DF83DA781B959D2A003E3F91 /* Project object */;
			proxyType = 1;
			remoteGlobalIDString = DF83DA7F1B959D2A003E3F91;
			remoteInfo = kerkeeDemo;
		};
/* End PBXContainerItemProxy section */

/* Begin PBXCopyFilesBuildPhase section */
		DF095EE41D1262F0002FD240 /* Embed Frameworks */ = {
			isa = PBXCopyFilesBuildPhase;
			buildActionMask = 2147483647;
			dstPath = "";
			dstSubfolderSpec = 10;
			files = (
				DF095EE11D1262F0002FD240 /* kerkee.framework in Embed Frameworks */,
			);
			name = "Embed Frameworks";
			runOnlyForDeploymentPostprocessing = 0;
		};
/* End PBXCopyFilesBuildPhase section */

/* Begin PBXFileReference section */
		DF046CF31CDC849D003CA85C /* KCAssistant.h */ = {isa = PBXFileReference; fileEncoding = 4; lastKnownFileType = sourcecode.c.h; path = KCAssistant.h; sourceTree = "<group>"; };
		DF046CF41CDC849D003CA85C /* KCAssistant.m */ = {isa = PBXFileReference; fileEncoding = 4; lastKnownFileType = sourcecode.c.objc; path = KCAssistant.m; sourceTree = "<group>"; };
		DF046CF51CDC849D003CA85C /* KCPlatform.h */ = {isa = PBXFileReference; fileEncoding = 4; lastKnownFileType = sourcecode.c.h; path = KCPlatform.h; sourceTree = "<group>"; };
		DF046CF61CDC849D003CA85C /* KCPlatform.m */ = {isa = PBXFileReference; fileEncoding = 4; lastKnownFileType = sourcecode.c.objc; path = KCPlatform.m; sourceTree = "<group>"; };
		DF046CF71CDC849D003CA85C /* KCSDKJSDefine.h */ = {isa = PBXFileReference; fileEncoding = 4; lastKnownFileType = sourcecode.c.h; path = KCSDKJSDefine.h; sourceTree = "<group>"; };
		DF046CF81CDC849D003CA85C /* KCUrlMaping.h */ = {isa = PBXFileReference; fileEncoding = 4; lastKnownFileType = sourcecode.c.h; path = KCUrlMaping.h; sourceTree = "<group>"; };
		DF046CF91CDC849D003CA85C /* KCUrlMaping.m */ = {isa = PBXFileReference; fileEncoding = 4; lastKnownFileType = sourcecode.c.objc; path = KCUrlMaping.m; sourceTree = "<group>"; };
		DF046CFA1CDC849D003CA85C /* KCWidget.h */ = {isa = PBXFileReference; fileEncoding = 4; lastKnownFileType = sourcecode.c.h; path = KCWidget.h; sourceTree = "<group>"; };
		DF046CFB1CDC849D003CA85C /* KCWidget.m */ = {isa = PBXFileReference; fileEncoding = 4; lastKnownFileType = sourcecode.c.objc; path = KCWidget.m; sourceTree = "<group>"; };
		DF046CFC1CDC849D003CA85C /* KCApiClientInfo.h */ = {isa = PBXFileReference; fileEncoding = 4; lastKnownFileType = sourcecode.c.h; path = KCApiClientInfo.h; sourceTree = "<group>"; };
		DF046CFD1CDC849D003CA85C /* KCApiClientInfo.m */ = {isa = PBXFileReference; fileEncoding = 4; lastKnownFileType = sourcecode.c.objc; path = KCApiClientInfo.m; sourceTree = "<group>"; };
		DF046CFE1CDC849D003CA85C /* KCApiJSObjExample.h */ = {isa = PBXFileReference; fileEncoding = 4; lastKnownFileType = sourcecode.c.h; path = KCApiJSObjExample.h; sourceTree = "<group>"; };
		DF046CFF1CDC849D003CA85C /* KCApiJSObjExample.m */ = {isa = PBXFileReference; fileEncoding = 4; lastKnownFileType = sourcecode.c.objc; path = KCApiJSObjExample.m; sourceTree = "<group>"; };
		DF046D001CDC849D003CA85C /* KCApiOverrideJSBridgeClient.h */ = {isa = PBXFileReference; fileEncoding = 4; lastKnownFileType = sourcecode.c.h; path = KCApiOverrideJSBridgeClient.h; sourceTree = "<group>"; };
		DF046D011CDC849D003CA85C /* KCApiOverrideJSBridgeClient.m */ = {isa = PBXFileReference; fileEncoding = 4; lastKnownFileType = sourcecode.c.objc; path = KCApiOverrideJSBridgeClient.m; sourceTree = "<group>"; };
		DF046D021CDC849D003CA85C /* KCApiTest.h */ = {isa = PBXFileReference; fileEncoding = 4; lastKnownFileType = sourcecode.c.h; path = KCApiTest.h; sourceTree = "<group>"; };
		DF046D031CDC849D003CA85C /* KCApiTest.m */ = {isa = PBXFileReference; fileEncoding = 4; lastKnownFileType = sourcecode.c.objc; path = KCApiTest.m; sourceTree = "<group>"; };
		DF046D041CDC849D003CA85C /* KCClientUI.h */ = {isa = PBXFileReference; fileEncoding = 4; lastKnownFileType = sourcecode.c.h; path = KCClientUI.h; sourceTree = "<group>"; };
		DF046D051CDC849D003CA85C /* KCClientUI.m */ = {isa = PBXFileReference; fileEncoding = 4; lastKnownFileType = sourcecode.c.objc; path = KCClientUI.m; sourceTree = "<group>"; };
		DF046D061CDC849D003CA85C /* KCJSObjDefine.h */ = {isa = PBXFileReference; fileEncoding = 4; lastKnownFileType = sourcecode.c.h; path = KCJSObjDefine.h; sourceTree = "<group>"; };
		DF046D071CDC849D003CA85C /* KCRegistMgr.h */ = {isa = PBXFileReference; fileEncoding = 4; lastKnownFileType = sourcecode.c.h; path = KCRegistMgr.h; sourceTree = "<group>"; };
		DF046D081CDC849D003CA85C /* KCRegistMgr.m */ = {isa = PBXFileReference; fileEncoding = 4; lastKnownFileType = sourcecode.c.objc; path = KCRegistMgr.m; sourceTree = "<group>"; };
		DF095ECC1D12611F002FD240 /* kerkee.xcodeproj */ = {isa = PBXFileReference; lastKnownFileType = "wrapper.pb-project"; name = kerkee.xcodeproj; path = /Users/zihong/Desktop/workspace/kercer/kerkee_ios/kerkeeDemo/../kerkee/kerkee.xcodeproj; sourceTree = "<absolute>"; };
		DF5D70C01BA9559D008A8FB2 /* KCActionTest.h */ = {isa = PBXFileReference; fileEncoding = 4; lastKnownFileType = sourcecode.c.h; path = KCActionTest.h; sourceTree = "<group>"; };
		DF5D70C11BA9559D008A8FB2 /* KCActionTest.m */ = {isa = PBXFileReference; fileEncoding = 4; lastKnownFileType = sourcecode.c.objc; path = KCActionTest.m; sourceTree = "<group>"; };
		DF65AB7C1B9EC61B00F24874 /* test.html */ = {isa = PBXFileReference; fileEncoding = 4; lastKnownFileType = text.html; path = test.html; sourceTree = "<group>"; };
		DF83DA801B959D2A003E3F91 /* kerkeeExample.app */ = {isa = PBXFileReference; explicitFileType = wrapper.application; includeInIndex = 0; path = kerkeeExample.app; sourceTree = BUILT_PRODUCTS_DIR; };
		DF83DA841B959D2A003E3F91 /* Info.plist */ = {isa = PBXFileReference; lastKnownFileType = text.plist.xml; path = Info.plist; sourceTree = "<group>"; };
		DF83DA851B959D2A003E3F91 /* main.m */ = {isa = PBXFileReference; lastKnownFileType = sourcecode.c.objc; path = main.m; sourceTree = "<group>"; };
		DF83DA871B959D2A003E3F91 /* AppDelegate.h */ = {isa = PBXFileReference; lastKnownFileType = sourcecode.c.h; path = AppDelegate.h; sourceTree = "<group>"; };
		DF83DA881B959D2A003E3F91 /* AppDelegate.m */ = {isa = PBXFileReference; lastKnownFileType = sourcecode.c.objc; path = AppDelegate.m; sourceTree = "<group>"; };
		DF83DA8A1B959D2A003E3F91 /* ViewController.h */ = {isa = PBXFileReference; lastKnownFileType = sourcecode.c.h; path = ViewController.h; sourceTree = "<group>"; };
		DF83DA8B1B959D2A003E3F91 /* ViewController.m */ = {isa = PBXFileReference; lastKnownFileType = sourcecode.c.objc; path = ViewController.m; sourceTree = "<group>"; };
		DF83DA8E1B959D2A003E3F91 /* Base */ = {isa = PBXFileReference; lastKnownFileType = file.storyboard; name = Base; path = Base.lproj/Main.storyboard; sourceTree = "<group>"; };
		DF83DA901B959D2A003E3F91 /* Images.xcassets */ = {isa = PBXFileReference; lastKnownFileType = folder.assetcatalog; path = Images.xcassets; sourceTree = "<group>"; };
		DF83DA931B959D2A003E3F91 /* Base */ = {isa = PBXFileReference; lastKnownFileType = file.xib; name = Base; path = Base.lproj/LaunchScreen.xib; sourceTree = "<group>"; };
		DF83DA991B959D2A003E3F91 /* kerkeeExample.xctest */ = {isa = PBXFileReference; explicitFileType = wrapper.cfbundle; includeInIndex = 0; path = kerkeeExample.xctest; sourceTree = BUILT_PRODUCTS_DIR; };
		DF83DA9E1B959D2A003E3F91 /* Info.plist */ = {isa = PBXFileReference; lastKnownFileType = text.plist.xml; path = Info.plist; sourceTree = "<group>"; };
		DF83DA9F1B959D2A003E3F91 /* kerkeeExampleTests.m */ = {isa = PBXFileReference; lastKnownFileType = sourcecode.c.objc; path = kerkeeExampleTests.m; sourceTree = "<group>"; };
		DF83DB671B959FC5003E3F91 /* crypt.h */ = {isa = PBXFileReference; fileEncoding = 4; lastKnownFileType = sourcecode.c.h; path = crypt.h; sourceTree = "<group>"; };
		DF83DB681B959FC5003E3F91 /* ioapi.c */ = {isa = PBXFileReference; fileEncoding = 4; lastKnownFileType = sourcecode.c.c; path = ioapi.c; sourceTree = "<group>"; };
		DF83DB691B959FC5003E3F91 /* ioapi.h */ = {isa = PBXFileReference; fileEncoding = 4; lastKnownFileType = sourcecode.c.h; path = ioapi.h; sourceTree = "<group>"; };
		DF83DB6A1B959FC5003E3F91 /* mztools.c */ = {isa = PBXFileReference; fileEncoding = 4; lastKnownFileType = sourcecode.c.c; path = mztools.c; sourceTree = "<group>"; };
		DF83DB6B1B959FC5003E3F91 /* mztools.h */ = {isa = PBXFileReference; fileEncoding = 4; lastKnownFileType = sourcecode.c.h; path = mztools.h; sourceTree = "<group>"; };
		DF83DB6C1B959FC5003E3F91 /* unzip.c */ = {isa = PBXFileReference; fileEncoding = 4; lastKnownFileType = sourcecode.c.c; path = unzip.c; sourceTree = "<group>"; };
		DF83DB6D1B959FC5003E3F91 /* unzip.h */ = {isa = PBXFileReference; fileEncoding = 4; lastKnownFileType = sourcecode.c.h; path = unzip.h; sourceTree = "<group>"; };
		DF83DB6E1B959FC5003E3F91 /* zip.c */ = {isa = PBXFileReference; fileEncoding = 4; lastKnownFileType = sourcecode.c.c; path = zip.c; sourceTree = "<group>"; };
		DF83DB6F1B959FC5003E3F91 /* zip.h */ = {isa = PBXFileReference; fileEncoding = 4; lastKnownFileType = sourcecode.c.h; path = zip.h; sourceTree = "<group>"; };
		DF83DB701B959FC5003E3F91 /* ZipArchive.h */ = {isa = PBXFileReference; fileEncoding = 4; lastKnownFileType = sourcecode.c.h; path = ZipArchive.h; sourceTree = "<group>"; };
		DF83DB711B959FC5003E3F91 /* ZipArchive.mm */ = {isa = PBXFileReference; fileEncoding = 4; lastKnownFileType = sourcecode.cpp.objcpp; path = ZipArchive.mm; sourceTree = "<group>"; };
		DF83DC4C1B95A441003E3F91 /* kerkee.js */ = {isa = PBXFileReference; fileEncoding = 4; lastKnownFileType = sourcecode.javascript; path = kerkee.js; sourceTree = "<group>"; };
		DF83DC4D1B95A441003E3F91 /* html.zip */ = {isa = PBXFileReference; lastKnownFileType = archive.zip; path = html.zip; sourceTree = "<group>"; };
		DF8524351CC61FA90046FC44 /* Reachability.h */ = {isa = PBXFileReference; fileEncoding = 4; lastKnownFileType = sourcecode.c.h; path = Reachability.h; sourceTree = "<group>"; };
		DF8524361CC61FA90046FC44 /* Reachability.m */ = {isa = PBXFileReference; fileEncoding = 4; lastKnownFileType = sourcecode.c.objc; path = Reachability.m; sourceTree = "<group>"; };
		DF9BCE4E1C3A5E3C0097A767 /* libz.tbd */ = {isa = PBXFileReference; lastKnownFileType = "sourcecode.text-based-dylib-definition"; name = libz.tbd; path = usr/lib/libz.tbd; sourceTree = SDKROOT; };
		DFCF9A871DED65AA00039A95 /* WebKit.framework */ = {isa = PBXFileReference; lastKnownFileType = wrapper.framework; name = WebKit.framework; path = System/Library/Frameworks/WebKit.framework; sourceTree = SDKROOT; };
/* End PBXFileReference section */

/* Begin PBXFrameworksBuildPhase section */
		DF83DA7D1B959D2A003E3F91 /* Frameworks */ = {
			isa = PBXFrameworksBuildPhase;
			buildActionMask = 2147483647;
			files = (
				DF9BCE4F1C3A5E3C0097A767 /* libz.tbd in Frameworks */,
				DF095EE01D1262F0002FD240 /* kerkee.framework in Frameworks */,
			);
			runOnlyForDeploymentPostprocessing = 0;
		};
		DF83DA961B959D2A003E3F91 /* Frameworks */ = {
			isa = PBXFrameworksBuildPhase;
			buildActionMask = 2147483647;
			files = (
				DF095F0B1D126ED2002FD240 /* kerkee.framework in Frameworks */,
			);
			runOnlyForDeploymentPostprocessing = 0;
		};
/* End PBXFrameworksBuildPhase section */

/* Begin PBXGroup section */
		DF046CF11CDC849D003CA85C /* apiExample */ = {
			isa = PBXGroup;
			children = (
				DF046CF21CDC849D003CA85C /* hepler */,
				DF046CFC1CDC849D003CA85C /* KCApiClientInfo.h */,
				DF046CFD1CDC849D003CA85C /* KCApiClientInfo.m */,
				DF046CFE1CDC849D003CA85C /* KCApiJSObjExample.h */,
				DF046CFF1CDC849D003CA85C /* KCApiJSObjExample.m */,
				DF046D001CDC849D003CA85C /* KCApiOverrideJSBridgeClient.h */,
				DF046D011CDC849D003CA85C /* KCApiOverrideJSBridgeClient.m */,
				DF046D021CDC849D003CA85C /* KCApiTest.h */,
				DF046D031CDC849D003CA85C /* KCApiTest.m */,
				DF046D041CDC849D003CA85C /* KCClientUI.h */,
				DF046D051CDC849D003CA85C /* KCClientUI.m */,
				DF046D061CDC849D003CA85C /* KCJSObjDefine.h */,
				DF046D071CDC849D003CA85C /* KCRegistMgr.h */,
				DF046D081CDC849D003CA85C /* KCRegistMgr.m */,
			);
			path = apiExample;
			sourceTree = "<group>";
		};
		DF046CF21CDC849D003CA85C /* hepler */ = {
			isa = PBXGroup;
			children = (
				DF046CF31CDC849D003CA85C /* KCAssistant.h */,
				DF046CF41CDC849D003CA85C /* KCAssistant.m */,
				DF046CF51CDC849D003CA85C /* KCPlatform.h */,
				DF046CF61CDC849D003CA85C /* KCPlatform.m */,
				DF046CF71CDC849D003CA85C /* KCSDKJSDefine.h */,
				DF046CF81CDC849D003CA85C /* KCUrlMaping.h */,
				DF046CF91CDC849D003CA85C /* KCUrlMaping.m */,
				DF046CFA1CDC849D003CA85C /* KCWidget.h */,
				DF046CFB1CDC849D003CA85C /* KCWidget.m */,
			);
			path = hepler;
			sourceTree = "<group>";
		};
		DF095ECD1D12611F002FD240 /* Products */ = {
			isa = PBXGroup;
			children = (
				DF095ED21D126120002FD240 /* kerkee.framework */,
				DF095ED41D126120002FD240 /* kerkeeTests.xctest */,
			);
			name = Products;
			sourceTree = "<group>";
		};
		DF83DA771B959D2A003E3F91 = {
			isa = PBXGroup;
			children = (
				DF095ECC1D12611F002FD240 /* kerkee.xcodeproj */,
				DF9BCE4E1C3A5E3C0097A767 /* libz.tbd */,
				DF046CF11CDC849D003CA85C /* apiExample */,
				DF83DC4B1B95A441003E3F91 /* assets */,
				DF83DB2E1B959FC5003E3F91 /* dependencies */,
				DF83DA821B959D2A003E3F91 /* kerkeeExample */,
				DF83DA9C1B959D2A003E3F91 /* kerkeeExampleTests */,
				DF83DA811B959D2A003E3F91 /* Products */,
				DFCF9A861DED65AA00039A95 /* Frameworks */,
			);
			sourceTree = "<group>";
		};
		DF83DA811B959D2A003E3F91 /* Products */ = {
			isa = PBXGroup;
			children = (
				DF83DA801B959D2A003E3F91 /* kerkeeExample.app */,
				DF83DA991B959D2A003E3F91 /* kerkeeExample.xctest */,
			);
			name = Products;
			sourceTree = "<group>";
		};
		DF83DA821B959D2A003E3F91 /* kerkeeExample */ = {
			isa = PBXGroup;
			children = (
				DF83DA871B959D2A003E3F91 /* AppDelegate.h */,
				DF83DA881B959D2A003E3F91 /* AppDelegate.m */,
				DF5D70C01BA9559D008A8FB2 /* KCActionTest.h */,
				DF5D70C11BA9559D008A8FB2 /* KCActionTest.m */,
				DF83DA8A1B959D2A003E3F91 /* ViewController.h */,
				DF83DA8B1B959D2A003E3F91 /* ViewController.m */,
				DF83DA8D1B959D2A003E3F91 /* Main.storyboard */,
				DF83DA901B959D2A003E3F91 /* Images.xcassets */,
				DF83DA921B959D2A003E3F91 /* LaunchScreen.xib */,
				DF83DA831B959D2A003E3F91 /* Supporting Files */,
			);
			path = kerkeeExample;
			sourceTree = "<group>";
		};
		DF83DA831B959D2A003E3F91 /* Supporting Files */ = {
			isa = PBXGroup;
			children = (
				DF83DA841B959D2A003E3F91 /* Info.plist */,
				DF83DA851B959D2A003E3F91 /* main.m */,
			);
			name = "Supporting Files";
			sourceTree = "<group>";
		};
		DF83DA9C1B959D2A003E3F91 /* kerkeeExampleTests */ = {
			isa = PBXGroup;
			children = (
				DF83DA9F1B959D2A003E3F91 /* kerkeeExampleTests.m */,
				DF83DA9D1B959D2A003E3F91 /* Supporting Files */,
			);
			path = kerkeeExampleTests;
			sourceTree = "<group>";
		};
		DF83DA9D1B959D2A003E3F91 /* Supporting Files */ = {
			isa = PBXGroup;
			children = (
				DF83DA9E1B959D2A003E3F91 /* Info.plist */,
			);
			name = "Supporting Files";
			sourceTree = "<group>";
		};
		DF83DB2E1B959FC5003E3F91 /* dependencies */ = {
			isa = PBXGroup;
			children = (
				DF8524341CC61FA90046FC44 /* Reachability */,
				DF83DB651B959FC5003E3F91 /* ZipArchive */,
			);
			path = dependencies;
			sourceTree = "<group>";
		};
		DF83DB651B959FC5003E3F91 /* ZipArchive */ = {
			isa = PBXGroup;
			children = (
				DF83DB661B959FC5003E3F91 /* minizip */,
				DF83DB701B959FC5003E3F91 /* ZipArchive.h */,
				DF83DB711B959FC5003E3F91 /* ZipArchive.mm */,
			);
			path = ZipArchive;
			sourceTree = "<group>";
		};
		DF83DB661B959FC5003E3F91 /* minizip */ = {
			isa = PBXGroup;
			children = (
				DF83DB671B959FC5003E3F91 /* crypt.h */,
				DF83DB681B959FC5003E3F91 /* ioapi.c */,
				DF83DB691B959FC5003E3F91 /* ioapi.h */,
				DF83DB6A1B959FC5003E3F91 /* mztools.c */,
				DF83DB6B1B959FC5003E3F91 /* mztools.h */,
				DF83DB6C1B959FC5003E3F91 /* unzip.c */,
				DF83DB6D1B959FC5003E3F91 /* unzip.h */,
				DF83DB6E1B959FC5003E3F91 /* zip.c */,
				DF83DB6F1B959FC5003E3F91 /* zip.h */,
			);
			path = minizip;
			sourceTree = "<group>";
		};
		DF83DC4B1B95A441003E3F91 /* assets */ = {
			isa = PBXGroup;
			children = (
				DF65AB7C1B9EC61B00F24874 /* test.html */,
				DF83DC4C1B95A441003E3F91 /* kerkee.js */,
				DF83DC4D1B95A441003E3F91 /* html.zip */,
			);
			path = assets;
			sourceTree = "<group>";
		};
		DF8524341CC61FA90046FC44 /* Reachability */ = {
			isa = PBXGroup;
			children = (
				DF8524351CC61FA90046FC44 /* Reachability.h */,
				DF8524361CC61FA90046FC44 /* Reachability.m */,
			);
			path = Reachability;
			sourceTree = "<group>";
		};
		DFCF9A861DED65AA00039A95 /* Frameworks */ = {
			isa = PBXGroup;
			children = (
				DFCF9A871DED65AA00039A95 /* WebKit.framework */,
			);
			name = Frameworks;
			sourceTree = "<group>";
		};
/* End PBXGroup section */

/* Begin PBXNativeTarget section */
		DF83DA7F1B959D2A003E3F91 /* kerkeeExample */ = {
			isa = PBXNativeTarget;
			buildConfigurationList = DF83DAA31B959D2A003E3F91 /* Build configuration list for PBXNativeTarget "kerkeeExample" */;
			buildPhases = (
				DF83DA7C1B959D2A003E3F91 /* Sources */,
				DF83DA7D1B959D2A003E3F91 /* Frameworks */,
				DF83DA7E1B959D2A003E3F91 /* Resources */,
				DF095EE41D1262F0002FD240 /* Embed Frameworks */,
			);
			buildRules = (
			);
			dependencies = (
				DF095EE61D1262FF002FD240 /* PBXTargetDependency */,
			);
			name = kerkeeExample;
			productName = kerkeeDemo;
			productReference = DF83DA801B959D2A003E3F91 /* kerkeeExample.app */;
			productType = "com.apple.product-type.application";
		};
		DF83DA981B959D2A003E3F91 /* kerkeeExampleTests */ = {
			isa = PBXNativeTarget;
			buildConfigurationList = DF83DAA61B959D2A003E3F91 /* Build configuration list for PBXNativeTarget "kerkeeExampleTests" */;
			buildPhases = (
				DF83DA951B959D2A003E3F91 /* Sources */,
				DF83DA961B959D2A003E3F91 /* Frameworks */,
				DF83DA971B959D2A003E3F91 /* Resources */,
			);
			buildRules = (
			);
			dependencies = (
				DF83DA9B1B959D2A003E3F91 /* PBXTargetDependency */,
			);
			name = kerkeeExampleTests;
			productName = kerkeeDemoTests;
			productReference = DF83DA991B959D2A003E3F91 /* kerkeeExample.xctest */;
			productType = "com.apple.product-type.bundle.unit-test";
		};
/* End PBXNativeTarget section */

/* Begin PBXProject section */
		DF83DA781B959D2A003E3F91 /* Project object */ = {
			isa = PBXProject;
			attributes = {
				LastUpgradeCheck = 0810;
				ORGANIZATIONNAME = zihong;
				TargetAttributes = {
					DF83DA7F1B959D2A003E3F91 = {
						CreatedOnToolsVersion = 6.4;
					};
					DF83DA981B959D2A003E3F91 = {
						CreatedOnToolsVersion = 6.4;
						TestTargetID = DF83DA7F1B959D2A003E3F91;
					};
				};
			};
			buildConfigurationList = DF83DA7B1B959D2A003E3F91 /* Build configuration list for PBXProject "kerkeeExample" */;
			compatibilityVersion = "Xcode 3.2";
			developmentRegion = English;
			hasScannedForEncodings = 0;
			knownRegions = (
				en,
				Base,
			);
			mainGroup = DF83DA771B959D2A003E3F91;
			productRefGroup = DF83DA811B959D2A003E3F91 /* Products */;
			projectDirPath = "";
			projectReferences = (
				{
					ProductGroup = DF095ECD1D12611F002FD240 /* Products */;
					ProjectRef = DF095ECC1D12611F002FD240 /* kerkee.xcodeproj */;
				},
			);
			projectRoot = "";
			targets = (
				DF83DA7F1B959D2A003E3F91 /* kerkeeExample */,
				DF83DA981B959D2A003E3F91 /* kerkeeExampleTests */,
			);
		};
/* End PBXProject section */

/* Begin PBXReferenceProxy section */
		DF095ED21D126120002FD240 /* kerkee.framework */ = {
			isa = PBXReferenceProxy;
			fileType = wrapper.framework;
			path = kerkee.framework;
			remoteRef = DF095ED11D126120002FD240 /* PBXContainerItemProxy */;
			sourceTree = BUILT_PRODUCTS_DIR;
		};
		DF095ED41D126120002FD240 /* kerkeeTests.xctest */ = {
			isa = PBXReferenceProxy;
			fileType = wrapper.cfbundle;
			path = kerkeeTests.xctest;
			remoteRef = DF095ED31D126120002FD240 /* PBXContainerItemProxy */;
			sourceTree = BUILT_PRODUCTS_DIR;
		};
/* End PBXReferenceProxy section */

/* Begin PBXResourcesBuildPhase section */
		DF83DA7E1B959D2A003E3F91 /* Resources */ = {
			isa = PBXResourcesBuildPhase;
			buildActionMask = 2147483647;
			files = (
				DF83DC4E1B95A441003E3F91 /* kerkee.js in Resources */,
				DF83DA8F1B959D2A003E3F91 /* Main.storyboard in Resources */,
				DF83DA941B959D2A003E3F91 /* LaunchScreen.xib in Resources */,
				DF65AB7D1B9EC61B00F24874 /* test.html in Resources */,
				DF83DA911B959D2A003E3F91 /* Images.xcassets in Resources */,
				DF83DC4F1B95A441003E3F91 /* html.zip in Resources */,
			);
			runOnlyForDeploymentPostprocessing = 0;
		};
		DF83DA971B959D2A003E3F91 /* Resources */ = {
			isa = PBXResourcesBuildPhase;
			buildActionMask = 2147483647;
			files = (
			);
			runOnlyForDeploymentPostprocessing = 0;
		};
/* End PBXResourcesBuildPhase section */

/* Begin PBXSourcesBuildPhase section */
		DF83DA7C1B959D2A003E3F91 /* Sources */ = {
			isa = PBXSourcesBuildPhase;
			buildActionMask = 2147483647;
			files = (
				DF046D091CDC849D003CA85C /* KCAssistant.m in Sources */,
				DF046D0C1CDC849D003CA85C /* KCWidget.m in Sources */,
				DF83DB8C1B959FC5003E3F91 /* ZipArchive.mm in Sources */,
				DF83DA8C1B959D2A003E3F91 /* ViewController.m in Sources */,
				DF046D101CDC849D003CA85C /* KCApiTest.m in Sources */,
				DF83DB8A1B959FC5003E3F91 /* unzip.c in Sources */,
				DF046D0D1CDC849D003CA85C /* KCApiClientInfo.m in Sources */,
				DF5D70C21BA9559D008A8FB2 /* KCActionTest.m in Sources */,
				DF046D0B1CDC849D003CA85C /* KCUrlMaping.m in Sources */,
				DF83DA891B959D2A003E3F91 /* AppDelegate.m in Sources */,
				DF046D121CDC849D003CA85C /* KCRegistMgr.m in Sources */,
				DF83DB891B959FC5003E3F91 /* mztools.c in Sources */,
				DF046D0E1CDC849D003CA85C /* KCApiJSObjExample.m in Sources */,
				DF83DB8B1B959FC5003E3F91 /* zip.c in Sources */,
				DF046D0F1CDC849D003CA85C /* KCApiOverrideJSBridgeClient.m in Sources */,
				DF046D111CDC849D003CA85C /* KCClientUI.m in Sources */,
				DF83DA861B959D2A003E3F91 /* main.m in Sources */,
				DF8524371CC61FA90046FC44 /* Reachability.m in Sources */,
				DF046D0A1CDC849D003CA85C /* KCPlatform.m in Sources */,
				DF83DB881B959FC5003E3F91 /* ioapi.c in Sources */,
			);
			runOnlyForDeploymentPostprocessing = 0;
		};
		DF83DA951B959D2A003E3F91 /* Sources */ = {
			isa = PBXSourcesBuildPhase;
			buildActionMask = 2147483647;
			files = (
				DF83DAA01B959D2A003E3F91 /* kerkeeExampleTests.m in Sources */,
			);
			runOnlyForDeploymentPostprocessing = 0;
		};
/* End PBXSourcesBuildPhase section */

/* Begin PBXTargetDependency section */
		DF095EE61D1262FF002FD240 /* PBXTargetDependency */ = {
			isa = PBXTargetDependency;
			name = kerkee;
			targetProxy = DF095EE51D1262FF002FD240 /* PBXContainerItemProxy */;
		};
		DF83DA9B1B959D2A003E3F91 /* PBXTargetDependency */ = {
			isa = PBXTargetDependency;
			target = DF83DA7F1B959D2A003E3F91 /* kerkeeExample */;
			targetProxy = DF83DA9A1B959D2A003E3F91 /* PBXContainerItemProxy */;
		};
/* End PBXTargetDependency section */

/* Begin PBXVariantGroup section */
		DF83DA8D1B959D2A003E3F91 /* Main.storyboard */ = {
			isa = PBXVariantGroup;
			children = (
				DF83DA8E1B959D2A003E3F91 /* Base */,
			);
			name = Main.storyboard;
			sourceTree = "<group>";
		};
		DF83DA921B959D2A003E3F91 /* LaunchScreen.xib */ = {
			isa = PBXVariantGroup;
			children = (
				DF83DA931B959D2A003E3F91 /* Base */,
			);
			name = LaunchScreen.xib;
			sourceTree = "<group>";
		};
/* End PBXVariantGroup section */

/* Begin XCBuildConfiguration section */
		DF83DAA11B959D2A003E3F91 /* Debug */ = {
			isa = XCBuildConfiguration;
			buildSettings = {
				ALWAYS_SEARCH_USER_PATHS = NO;
				CLANG_CXX_LANGUAGE_STANDARD = "gnu++0x";
				CLANG_CXX_LIBRARY = "libc++";
				CLANG_ENABLE_MODULES = YES;
				CLANG_ENABLE_OBJC_ARC = YES;
				CLANG_WARN_BOOL_CONVERSION = YES;
				CLANG_WARN_CONSTANT_CONVERSION = YES;
				CLANG_WARN_DIRECT_OBJC_ISA_USAGE = YES_ERROR;
				CLANG_WARN_EMPTY_BODY = YES;
				CLANG_WARN_ENUM_CONVERSION = YES;
				CLANG_WARN_INFINITE_RECURSION = YES;
				CLANG_WARN_INT_CONVERSION = YES;
				CLANG_WARN_OBJC_ROOT_CLASS = YES_ERROR;
				CLANG_WARN_SUSPICIOUS_MOVE = YES;
				CLANG_WARN_UNREACHABLE_CODE = YES;
				CLANG_WARN__DUPLICATE_METHOD_MATCH = YES;
				"CODE_SIGN_IDENTITY[sdk=iphoneos*]" = "iPhone Developer";
				COPY_PHASE_STRIP = NO;
				DEBUG_INFORMATION_FORMAT = "dwarf-with-dsym";
				ENABLE_STRICT_OBJC_MSGSEND = YES;
				ENABLE_TESTABILITY = YES;
				GCC_C_LANGUAGE_STANDARD = gnu99;
				GCC_DYNAMIC_NO_PIC = NO;
				GCC_NO_COMMON_BLOCKS = YES;
				GCC_OPTIMIZATION_LEVEL = 0;
				GCC_PREPROCESSOR_DEFINITIONS = (
					"DEBUG=1",
					"$(inherited)",
				);
				GCC_SYMBOLS_PRIVATE_EXTERN = NO;
				GCC_WARN_64_TO_32_BIT_CONVERSION = YES;
				GCC_WARN_ABOUT_RETURN_TYPE = YES_ERROR;
				GCC_WARN_UNDECLARED_SELECTOR = YES;
				GCC_WARN_UNINITIALIZED_AUTOS = YES_AGGRESSIVE;
				GCC_WARN_UNUSED_FUNCTION = YES;
				GCC_WARN_UNUSED_VARIABLE = YES;
				HEADER_SEARCH_PATHS = (
					"$(inherited)",
					/Applications/Xcode.app/Contents/Developer/Toolchains/XcodeDefault.xctoolchain/usr/include,
				);
				IPHONEOS_DEPLOYMENT_TARGET = 8.4;
				MTL_ENABLE_DEBUG_INFO = YES;
				ONLY_ACTIVE_ARCH = YES;
				SDKROOT = iphoneos;
				TARGETED_DEVICE_FAMILY = "1,2";
			};
			name = Debug;
		};
		DF83DAA21B959D2A003E3F91 /* Release */ = {
			isa = XCBuildConfiguration;
			buildSettings = {
				ALWAYS_SEARCH_USER_PATHS = NO;
				CLANG_CXX_LANGUAGE_STANDARD = "gnu++0x";
				CLANG_CXX_LIBRARY = "libc++";
				CLANG_ENABLE_MODULES = YES;
				CLANG_ENABLE_OBJC_ARC = YES;
				CLANG_WARN_BOOL_CONVERSION = YES;
				CLANG_WARN_CONSTANT_CONVERSION = YES;
				CLANG_WARN_DIRECT_OBJC_ISA_USAGE = YES_ERROR;
				CLANG_WARN_EMPTY_BODY = YES;
				CLANG_WARN_ENUM_CONVERSION = YES;
				CLANG_WARN_INFINITE_RECURSION = YES;
				CLANG_WARN_INT_CONVERSION = YES;
				CLANG_WARN_OBJC_ROOT_CLASS = YES_ERROR;
				CLANG_WARN_SUSPICIOUS_MOVE = YES;
				CLANG_WARN_UNREACHABLE_CODE = YES;
				CLANG_WARN__DUPLICATE_METHOD_MATCH = YES;
				"CODE_SIGN_IDENTITY[sdk=iphoneos*]" = "iPhone Developer";
				COPY_PHASE_STRIP = NO;
				DEBUG_INFORMATION_FORMAT = "dwarf-with-dsym";
				ENABLE_NS_ASSERTIONS = NO;
				ENABLE_STRICT_OBJC_MSGSEND = YES;
				GCC_C_LANGUAGE_STANDARD = gnu99;
				GCC_NO_COMMON_BLOCKS = YES;
				GCC_WARN_64_TO_32_BIT_CONVERSION = YES;
				GCC_WARN_ABOUT_RETURN_TYPE = YES_ERROR;
				GCC_WARN_UNDECLARED_SELECTOR = YES;
				GCC_WARN_UNINITIALIZED_AUTOS = YES_AGGRESSIVE;
				GCC_WARN_UNUSED_FUNCTION = YES;
				GCC_WARN_UNUSED_VARIABLE = YES;
				IPHONEOS_DEPLOYMENT_TARGET = 8.4;
				MTL_ENABLE_DEBUG_INFO = NO;
				SDKROOT = iphoneos;
				TARGETED_DEVICE_FAMILY = "1,2";
				VALIDATE_PRODUCT = YES;
			};
			name = Release;
		};
		DF83DAA41B959D2A003E3F91 /* Debug */ = {
			isa = XCBuildConfiguration;
			buildSettings = {
				ALWAYS_SEARCH_USER_PATHS = NO;
				ASSETCATALOG_COMPILER_APPICON_NAME = AppIcon;
				FRAMEWORK_SEARCH_PATHS = "$(inherited)";
				HEADER_SEARCH_PATHS = (
					"$(inherited)",
					/Applications/Xcode.app/Contents/Developer/Toolchains/XcodeDefault.xctoolchain/usr/include,
				);
				INFOPLIST_FILE = kerkeeExample/Info.plist;
				LD_RUNPATH_SEARCH_PATHS = "$(inherited) @executable_path/Frameworks";
				PRODUCT_BUNDLE_IDENTIFIER = "com.kercer.$(PRODUCT_NAME:rfc1034identifier)";
				PRODUCT_NAME = kerkeeExample;
				USER_HEADER_SEARCH_PATHS = "$(BUILT_PRODUCTS_DIR)";
			};
			name = Debug;
		};
		DF83DAA51B959D2A003E3F91 /* Release */ = {
			isa = XCBuildConfiguration;
			buildSettings = {
				ALWAYS_SEARCH_USER_PATHS = NO;
				ASSETCATALOG_COMPILER_APPICON_NAME = AppIcon;
				FRAMEWORK_SEARCH_PATHS = "$(inherited)";
				HEADER_SEARCH_PATHS = (
					"$(inherited)",
					/Applications/Xcode.app/Contents/Developer/Toolchains/XcodeDefault.xctoolchain/usr/include,
					"$(BUILT_PRODUCTS_DIR)",
				);
				INFOPLIST_FILE = kerkeeExample/Info.plist;
				LD_RUNPATH_SEARCH_PATHS = "$(inherited) @executable_path/Frameworks";
				PRODUCT_BUNDLE_IDENTIFIER = "com.kercer.$(PRODUCT_NAME:rfc1034identifier)";
				PRODUCT_NAME = kerkeeExample;
				USER_HEADER_SEARCH_PATHS = "$(BUILT_PRODUCTS_DIR)";
			};
			name = Release;
		};
		DF83DAA71B959D2A003E3F91 /* Debug */ = {
			isa = XCBuildConfiguration;
			buildSettings = {
				BUNDLE_LOADER = "$(TEST_HOST)";
				FRAMEWORK_SEARCH_PATHS = (
					"$(SDKROOT)/Developer/Library/Frameworks",
					"$(inherited)",
				);
				GCC_PREPROCESSOR_DEFINITIONS = (
					"DEBUG=1",
					"$(inherited)",
				);
				INFOPLIST_FILE = kerkeeExampleTests/Info.plist;
				LD_RUNPATH_SEARCH_PATHS = "$(inherited) @executable_path/Frameworks @loader_path/Frameworks";
				PRODUCT_BUNDLE_IDENTIFIER = "com.kercer.$(PRODUCT_NAME:rfc1034identifier)";
				PRODUCT_NAME = kerkeeExample;
				TEST_HOST = "$(BUILT_PRODUCTS_DIR)/kerkeeExample.app/kerkeeExample";
			};
			name = Debug;
		};
		DF83DAA81B959D2A003E3F91 /* Release */ = {
			isa = XCBuildConfiguration;
			buildSettings = {
				BUNDLE_LOADER = "$(TEST_HOST)";
				FRAMEWORK_SEARCH_PATHS = (
					"$(SDKROOT)/Developer/Library/Frameworks",
					"$(inherited)",
				);
				INFOPLIST_FILE = kerkeeExampleTests/Info.plist;
				LD_RUNPATH_SEARCH_PATHS = "$(inherited) @executable_path/Frameworks @loader_path/Frameworks";
				PRODUCT_BUNDLE_IDENTIFIER = "com.kercer.$(PRODUCT_NAME:rfc1034identifier)";
				PRODUCT_NAME = kerkeeExample;
				TEST_HOST = "$(BUILT_PRODUCTS_DIR)/kerkeeExample.app/kerkeeExample";
			};
			name = Release;
		};
/* End XCBuildConfiguration section */

/* Begin XCConfigurationList section */
		DF83DA7B1B959D2A003E3F91 /* Build configuration list for PBXProject "kerkeeExample" */ = {
			isa = XCConfigurationList;
			buildConfigurations = (
				DF83DAA11B959D2A003E3F91 /* Debug */,
				DF83DAA21B959D2A003E3F91 /* Release */,
			);
			defaultConfigurationIsVisible = 0;
			defaultConfigurationName = Release;
		};
		DF83DAA31B959D2A003E3F91 /* Build configuration list for PBXNativeTarget "kerkeeExample" */ = {
			isa = XCConfigurationList;
			buildConfigurations = (
				DF83DAA41B959D2A003E3F91 /* Debug */,
				DF83DAA51B959D2A003E3F91 /* Release */,
			);
			defaultConfigurationIsVisible = 0;
			defaultConfigurationName = Release;
		};
		DF83DAA61B959D2A003E3F91 /* Build configuration list for PBXNativeTarget "kerkeeExampleTests" */ = {
			isa = XCConfigurationList;
			buildConfigurations = (
				DF83DAA71B959D2A003E3F91 /* Debug */,
				DF83DAA81B959D2A003E3F91 /* Release */,
			);
			defaultConfigurationIsVisible = 0;
			defaultConfigurationName = Release;
		};
/* End XCConfigurationList section */
	};
	rootObject = DF83DA781B959D2A003E3F91 /* Project object */;
}
